
Microsoft Visual Studio Solution File, Format Version 12.00
# Visual Studio 15
VisualStudioVersion = 15.0.27130.2010
MinimumVisualStudioVersion = 10.0.40219.1
Project("{9A19103F-16F7-4668-BE54-9A1E7A4F7556}") = "Dapper-Extensions", "DapperExtensions\Dapper-Extensions.csproj", "{B62EA458-A02E-4A11-8699-9FD8CE9F5FFA}"
EndProject
Project("{9A19103F-16F7-4668-BE54-9A1E7A4F7556}") = "DapperExtensions.Test.Maps", "DapperExtensions.Test.Maps\DapperExtensions.Test.Maps.csproj", "{42994D65-5683-493D-9955-10BB5E3820BA}"
EndProject
Project("{9A19103F-16F7-4668-BE54-9A1E7A4F7556}") = "DapperExtensions.Test.Entities", "DapperExtensions.Test.Entities\DapperExtensions.Test.Entities.csproj", "{D80829E6-C3C5-4AFF-9AA9-9CC4EFC75A47}"
EndProject
Project("{9A19103F-16F7-4668-BE54-9A1E7A4F7556}") = "DapperExtensions.Test.SQLite", "DapperExtensions.Test.SQLite\DapperExtensions.Test.SQLite.csproj", "{CB03FEAD-B5B8-481F-9C0F-975F5B078196}"
EndProject
Project("{9A19103F-16F7-4668-BE54-9A1E7A4F7556}") = "DapperExtensions.Test", "DapperExtensions.Test\DapperExtensions.Test.csproj", "{989E0F01-C159-49B9-9593-5F03A948CF3A}"
EndProject
Global
	GlobalSection(SolutionConfigurationPlatforms) = preSolution
		Debug|Any CPU = Debug|Any CPU
		Debug|Mixed Platforms = Debug|Mixed Platforms
		Debug|x86 = Debug|x86
		Release|Any CPU = Release|Any CPU
		Release|Mixed Platforms = Release|Mixed Platforms
		Release|x86 = Release|x86
	EndGlobalSection
	GlobalSection(ProjectConfigurationPlatforms) = postSolution
		{B62EA458-A02E-4A11-8699-9FD8CE9F5FFA}.Debug|Any CPU.ActiveCfg = Debug|Any CPU
		{B62EA458-A02E-4A11-8699-9FD8CE9F5FFA}.Debug|Any CPU.Build.0 = Debug|Any CPU
		{B62EA458-A02E-4A11-8699-9FD8CE9F5FFA}.Debug|Mixed Platforms.ActiveCfg = Debug|Any CPU
		{B62EA458-A02E-4A11-8699-9FD8CE9F5FFA}.Debug|Mixed Platforms.Build.0 = Debug|Any CPU
		{B62EA458-A02E-4A11-8699-9FD8CE9F5FFA}.Debug|x86.ActiveCfg = Debug|Any CPU
		{B62EA458-A02E-4A11-8699-9FD8CE9F5FFA}.Debug|x86.Build.0 = Debug|Any CPU
		{B62EA458-A02E-4A11-8699-9FD8CE9F5FFA}.Release|Any CPU.ActiveCfg = Release|Any CPU
		{B62EA458-A02E-4A11-8699-9FD8CE9F5FFA}.Release|Any CPU.Build.0 = Release|Any CPU
		{B62EA458-A02E-4A11-8699-9FD8CE9F5FFA}.Release|Mixed Platforms.ActiveCfg = Release|Any CPU
		{B62EA458-A02E-4A11-8699-9FD8CE9F5FFA}.Release|Mixed Platforms.Build.0 = Release|Any CPU
		{B62EA458-A02E-4A11-8699-9FD8CE9F5FFA}.Release|x86.ActiveCfg = Release|Any CPU
		{B62EA458-A02E-4A11-8699-9FD8CE9F5FFA}.Release|x86.Build.0 = Release|Any CPU
		{42994D65-5683-493D-9955-10BB5E3820BA}.Debug|Any CPU.ActiveCfg = Debug|Any CPU
		{42994D65-5683-493D-9955-10BB5E3820BA}.Debug|Any CPU.Build.0 = Debug|Any CPU
		{42994D65-5683-493D-9955-10BB5E3820BA}.Debug|Mixed Platforms.ActiveCfg = Debug|Any CPU
		{42994D65-5683-493D-9955-10BB5E3820BA}.Debug|Mixed Platforms.Build.0 = Debug|Any CPU
		{42994D65-5683-493D-9955-10BB5E3820BA}.Debug|x86.ActiveCfg = Debug|Any CPU
		{42994D65-5683-493D-9955-10BB5E3820BA}.Debug|x86.Build.0 = Debug|Any CPU
		{42994D65-5683-493D-9955-10BB5E3820BA}.Release|Any CPU.ActiveCfg = Release|Any CPU
		{42994D65-5683-493D-9955-10BB5E3820BA}.Release|Any CPU.Build.0 = Release|Any CPU
		{42994D65-5683-493D-9955-10BB5E3820BA}.Release|Mixed Platforms.ActiveCfg = Release|Any CPU
		{42994D65-5683-493D-9955-10BB5E3820BA}.Release|Mixed Platforms.Build.0 = Release|Any CPU
		{42994D65-5683-493D-9955-10BB5E3820BA}.Release|x86.ActiveCfg = Release|Any CPU
		{42994D65-5683-493D-9955-10BB5E3820BA}.Release|x86.Build.0 = Release|Any CPU
		{D80829E6-C3C5-4AFF-9AA9-9CC4EFC75A47}.Debug|Any CPU.ActiveCfg = Debug|Any CPU
		{D80829E6-C3C5-4AFF-9AA9-9CC4EFC75A47}.Debug|Any CPU.Build.0 = Debug|Any CPU
		{D80829E6-C3C5-4AFF-9AA9-9CC4EFC75A47}.Debug|Mixed Platforms.ActiveCfg = Debug|Any CPU
		{D80829E6-C3C5-4AFF-9AA9-9CC4EFC75A47}.Debug|Mixed Platforms.Build.0 = Debug|Any CPU
		{D80829E6-C3C5-4AFF-9AA9-9CC4EFC75A47}.Debug|x86.ActiveCfg = Debug|Any CPU
		{D80829E6-C3C5-4AFF-9AA9-9CC4EFC75A47}.Debug|x86.Build.0 = Debug|Any CPU
		{D80829E6-C3C5-4AFF-9AA9-9CC4EFC75A47}.Release|Any CPU.ActiveCfg = Release|Any CPU
		{D80829E6-C3C5-4AFF-9AA9-9CC4EFC75A47}.Release|Any CPU.Build.0 = Release|Any CPU
		{D80829E6-C3C5-4AFF-9AA9-9CC4EFC75A47}.Release|Mixed Platforms.ActiveCfg = Release|Any CPU
		{D80829E6-C3C5-4AFF-9AA9-9CC4EFC75A47}.Release|Mixed Platforms.Build.0 = Release|Any CPU
		{D80829E6-C3C5-4AFF-9AA9-9CC4EFC75A47}.Release|x86.ActiveCfg = Release|Any CPU
		{D80829E6-C3C5-4AFF-9AA9-9CC4EFC75A47}.Release|x86.Build.0 = Release|Any CPU
		{CB03FEAD-B5B8-481F-9C0F-975F5B078196}.Debug|Any CPU.ActiveCfg = Debug|Any CPU
		{CB03FEAD-B5B8-481F-9C0F-975F5B078196}.Debug|Any CPU.Build.0 = Debug|Any CPU
		{CB03FEAD-B5B8-481F-9C0F-975F5B078196}.Debug|Mixed Platforms.ActiveCfg = Debug|Any CPU
		{CB03FEAD-B5B8-481F-9C0F-975F5B078196}.Debug|Mixed Platforms.Build.0 = Debug|Any CPU
		{CB03FEAD-B5B8-481F-9C0F-975F5B078196}.Debug|x86.ActiveCfg = Debug|Any CPU
		{CB03FEAD-B5B8-481F-9C0F-975F5B078196}.Debug|x86.Build.0 = Debug|Any CPU
		{CB03FEAD-B5B8-481F-9C0F-975F5B078196}.Release|Any CPU.ActiveCfg = Release|Any CPU
		{CB03FEAD-B5B8-481F-9C0F-975F5B078196}.Release|Any CPU.Build.0 = Release|Any CPU
		{CB03FEAD-B5B8-481F-9C0F-975F5B078196}.Release|Mixed Platforms.ActiveCfg = Release|Any CPU
		{CB03FEAD-B5B8-481F-9C0F-975F5B078196}.Release|Mixed Platforms.Build.0 = Release|Any CPU
		{CB03FEAD-B5B8-481F-9C0F-975F5B078196}.Release|x86.ActiveCfg = Release|Any CPU
		{CB03FEAD-B5B8-481F-9C0F-975F5B078196}.Release|x86.Build.0 = Release|Any CPU
		{989E0F01-C159-49B9-9593-5F03A948CF3A}.Debug|Any CPU.ActiveCfg = Debug|Any CPU
		{989E0F01-C159-49B9-9593-5F03A948CF3A}.Debug|Any CPU.Build.0 = Debug|Any CPU
		{989E0F01-C159-49B9-9593-5F03A948CF3A}.Debug|Mixed Platforms.ActiveCfg = Debug|Any CPU
		{989E0F01-C159-49B9-9593-5F03A948CF3A}.Debug|Mixed Platforms.Build.0 = Debug|Any CPU
		{989E0F01-C159-49B9-9593-5F03A948CF3A}.Debug|x86.ActiveCfg = Debug|Any CPU
		{989E0F01-C159-49B9-9593-5F03A948CF3A}.Debug|x86.Build.0 = Debug|Any CPU
		{989E0F01-C159-49B9-9593-5F03A948CF3A}.Release|Any CPU.ActiveCfg = Release|Any CPU
		{989E0F01-C159-49B9-9593-5F03A948CF3A}.Release|Any CPU.Build.0 = Release|Any CPU
		{989E0F01-C159-49B9-9593-5F03A948CF3A}.Release|Mixed Platforms.ActiveCfg = Release|Any CPU
		{989E0F01-C159-49B9-9593-5F03A948CF3A}.Release|Mixed Platforms.Build.0 = Release|Any CPU
		{989E0F01-C159-49B9-9593-5F03A948CF3A}.Release|x86.ActiveCfg = Release|Any CPU
		{989E0F01-C159-49B9-9593-5F03A948CF3A}.Release|x86.Build.0 = Release|Any CPU
	EndGlobalSection
	GlobalSection(SolutionProperties) = preSolution
		HideSolutionNode = FALSE
	EndGlobalSection
	GlobalSection(ExtensibilityGlobals) = postSolution
		SolutionGuid = {31059126-195E-411B-86E0-BFBDD3ACECC9}
	EndGlobalSection
EndGlobal
